
Microsoft Visual Studio Solution File, Format Version 12.00
# Visual Studio 15
VisualStudioVersion = 15.0.26124.0
MinimumVisualStudioVersion = 15.0.26124.0
Project("{2150E333-8FDC-42A3-9474-1A3956D46DE8}") = "src", "src", "{05B06F86-F7CB-475B-8FC6-230E90BF1F08}"
EndProject
Project("{FAE04EC0-301F-11D3-BF4B-00C04F79EFBC}") = "BookApi", "src\BookApi\BookApi.csproj", "{9DAF194D-D6C4-4F1C-AACF-7B13A4FF3B24}"
EndProject
Project("{FAE04EC0-301F-11D3-BF4B-00C04F79EFBC}") = "IdentityApiOIDC", "src\IdentityApiOIDC\IdentityApiOIDC.csproj", "{872AC3BF-8FEE-46E5-87BA-C795F967D868}"
EndProject
Project("{FAE04EC0-301F-11D3-BF4B-00C04F79EFBC}") = "CartApi", "src\CartApi\CartApi.csproj", "{B9EC8E60-A8A7-4A03-A77B-7A8C90DAB5E9}"
EndProject
Project("{FAE04EC0-301F-11D3-BF4B-00C04F79EFBC}") = "AddressApi", "src\AddressApi\AddressApi.csproj", "{475B9002-942C-43C1-B587-970B5A7067BC}"
EndProject
Project("{FAE04EC0-301F-11D3-BF4B-00C04F79EFBC}") = "OrderApi", "src\OrderApi\OrderApi.csproj", "{D8EC0D87-D026-4235-A317-C4A15C2B80B1}"
EndProject
Project("{FAE04EC0-301F-11D3-BF4B-00C04F79EFBC}") = "CommentApi", "src\CommentApi\CommentApi.csproj", "{422EED66-9E32-48F4-9381-FCEA6BC7B107}"
EndProject
Project("{FAE04EC0-301F-11D3-BF4B-00C04F79EFBC}") = "MessageBus", "src\MessageBus\MessageBus.csproj", "{80748B0E-B757-4953-8089-CA8827D20CE9}"
EndProject
Global
	GlobalSection(SolutionConfigurationPlatforms) = preSolution
		Debug|Any CPU = Debug|Any CPU
		Debug|x64 = Debug|x64
		Debug|x86 = Debug|x86
		Release|Any CPU = Release|Any CPU
		Release|x64 = Release|x64
		Release|x86 = Release|x86
	EndGlobalSection
	GlobalSection(SolutionProperties) = preSolution
		HideSolutionNode = FALSE
	EndGlobalSection
	GlobalSection(ProjectConfigurationPlatforms) = postSolution
		{9DAF194D-D6C4-4F1C-AACF-7B13A4FF3B24}.Debug|Any CPU.ActiveCfg = Debug|Any CPU
		{9DAF194D-D6C4-4F1C-AACF-7B13A4FF3B24}.Debug|Any CPU.Build.0 = Debug|Any CPU
		{9DAF194D-D6C4-4F1C-AACF-7B13A4FF3B24}.Debug|x64.ActiveCfg = Debug|Any CPU
		{9DAF194D-D6C4-4F1C-AACF-7B13A4FF3B24}.Debug|x64.Build.0 = Debug|Any CPU
		{9DAF194D-D6C4-4F1C-AACF-7B13A4FF3B24}.Debug|x86.ActiveCfg = Debug|Any CPU
		{9DAF194D-D6C4-4F1C-AACF-7B13A4FF3B24}.Debug|x86.Build.0 = Debug|Any CPU
		{9DAF194D-D6C4-4F1C-AACF-7B13A4FF3B24}.Release|Any CPU.ActiveCfg = Release|Any CPU
		{9DAF194D-D6C4-4F1C-AACF-7B13A4FF3B24}.Release|Any CPU.Build.0 = Release|Any CPU
		{9DAF194D-D6C4-4F1C-AACF-7B13A4FF3B24}.Release|x64.ActiveCfg = Release|Any CPU
		{9DAF194D-D6C4-4F1C-AACF-7B13A4FF3B24}.Release|x64.Build.0 = Release|Any CPU
		{9DAF194D-D6C4-4F1C-AACF-7B13A4FF3B24}.Release|x86.ActiveCfg = Release|Any CPU
		{9DAF194D-D6C4-4F1C-AACF-7B13A4FF3B24}.Release|x86.Build.0 = Release|Any CPU
		{F65B750F-5DDA-47CD-9874-4475B080807F}.Debug|Any CPU.ActiveCfg = Debug|Any CPU
		{F65B750F-5DDA-47CD-9874-4475B080807F}.Debug|Any CPU.Build.0 = Debug|Any CPU
		{F65B750F-5DDA-47CD-9874-4475B080807F}.Debug|x64.ActiveCfg = Debug|Any CPU
		{F65B750F-5DDA-47CD-9874-4475B080807F}.Debug|x64.Build.0 = Debug|Any CPU
		{F65B750F-5DDA-47CD-9874-4475B080807F}.Debug|x86.ActiveCfg = Debug|Any CPU
		{F65B750F-5DDA-47CD-9874-4475B080807F}.Debug|x86.Build.0 = Debug|Any CPU
		{F65B750F-5DDA-47CD-9874-4475B080807F}.Release|Any CPU.ActiveCfg = Release|Any CPU
		{F65B750F-5DDA-47CD-9874-4475B080807F}.Release|Any CPU.Build.0 = Release|Any CPU
		{F65B750F-5DDA-47CD-9874-4475B080807F}.Release|x64.ActiveCfg = Release|Any CPU
		{F65B750F-5DDA-47CD-9874-4475B080807F}.Release|x64.Build.0 = Release|Any CPU
		{F65B750F-5DDA-47CD-9874-4475B080807F}.Release|x86.ActiveCfg = Release|Any CPU
		{F65B750F-5DDA-47CD-9874-4475B080807F}.Release|x86.Build.0 = Release|Any CPU
		{2C8AC59A-04AC-4ABE-9DB7-5BC556AF42E3}.Debug|Any CPU.ActiveCfg = Debug|Any CPU
		{2C8AC59A-04AC-4ABE-9DB7-5BC556AF42E3}.Debug|Any CPU.Build.0 = Debug|Any CPU
		{2C8AC59A-04AC-4ABE-9DB7-5BC556AF42E3}.Debug|x64.ActiveCfg = Debug|Any CPU
		{2C8AC59A-04AC-4ABE-9DB7-5BC556AF42E3}.Debug|x64.Build.0 = Debug|Any CPU
		{2C8AC59A-04AC-4ABE-9DB7-5BC556AF42E3}.Debug|x86.ActiveCfg = Debug|Any CPU
		{2C8AC59A-04AC-4ABE-9DB7-5BC556AF42E3}.Debug|x86.Build.0 = Debug|Any CPU
		{2C8AC59A-04AC-4ABE-9DB7-5BC556AF42E3}.Release|Any CPU.ActiveCfg = Release|Any CPU
		{2C8AC59A-04AC-4ABE-9DB7-5BC556AF42E3}.Release|Any CPU.Build.0 = Release|Any CPU
		{2C8AC59A-04AC-4ABE-9DB7-5BC556AF42E3}.Release|x64.ActiveCfg = Release|Any CPU
		{2C8AC59A-04AC-4ABE-9DB7-5BC556AF42E3}.Release|x64.Build.0 = Release|Any CPU
		{2C8AC59A-04AC-4ABE-9DB7-5BC556AF42E3}.Release|x86.ActiveCfg = Release|Any CPU
		{2C8AC59A-04AC-4ABE-9DB7-5BC556AF42E3}.Release|x86.Build.0 = Release|Any CPU
		{872AC3BF-8FEE-46E5-87BA-C795F967D868}.Debug|Any CPU.ActiveCfg = Debug|Any CPU
		{872AC3BF-8FEE-46E5-87BA-C795F967D868}.Debug|Any CPU.Build.0 = Debug|Any CPU
		{872AC3BF-8FEE-46E5-87BA-C795F967D868}.Debug|x64.ActiveCfg = Debug|Any CPU
		{872AC3BF-8FEE-46E5-87BA-C795F967D868}.Debug|x64.Build.0 = Debug|Any CPU
		{872AC3BF-8FEE-46E5-87BA-C795F967D868}.Debug|x86.ActiveCfg = Debug|Any CPU
		{872AC3BF-8FEE-46E5-87BA-C795F967D868}.Debug|x86.Build.0 = Debug|Any CPU
		{872AC3BF-8FEE-46E5-87BA-C795F967D868}.Release|Any CPU.ActiveCfg = Release|Any CPU
		{872AC3BF-8FEE-46E5-87BA-C795F967D868}.Release|Any CPU.Build.0 = Release|Any CPU
		{872AC3BF-8FEE-46E5-87BA-C795F967D868}.Release|x64.ActiveCfg = Release|Any CPU
		{872AC3BF-8FEE-46E5-87BA-C795F967D868}.Release|x64.Build.0 = Release|Any CPU
		{872AC3BF-8FEE-46E5-87BA-C795F967D868}.Release|x86.ActiveCfg = Release|Any CPU
		{872AC3BF-8FEE-46E5-87BA-C795F967D868}.Release|x86.Build.0 = Release|Any CPU
		{B9EC8E60-A8A7-4A03-A77B-7A8C90DAB5E9}.Debug|Any CPU.ActiveCfg = Debug|Any CPU
		{B9EC8E60-A8A7-4A03-A77B-7A8C90DAB5E9}.Debug|Any CPU.Build.0 = Debug|Any CPU
		{B9EC8E60-A8A7-4A03-A77B-7A8C90DAB5E9}.Debug|x64.ActiveCfg = Debug|Any CPU
		{B9EC8E60-A8A7-4A03-A77B-7A8C90DAB5E9}.Debug|x64.Build.0 = Debug|Any CPU
		{B9EC8E60-A8A7-4A03-A77B-7A8C90DAB5E9}.Debug|x86.ActiveCfg = Debug|Any CPU
		{B9EC8E60-A8A7-4A03-A77B-7A8C90DAB5E9}.Debug|x86.Build.0 = Debug|Any CPU
		{B9EC8E60-A8A7-4A03-A77B-7A8C90DAB5E9}.Release|Any CPU.ActiveCfg = Release|Any CPU
		{B9EC8E60-A8A7-4A03-A77B-7A8C90DAB5E9}.Release|Any CPU.Build.0 = Release|Any CPU
		{B9EC8E60-A8A7-4A03-A77B-7A8C90DAB5E9}.Release|x64.ActiveCfg = Release|Any CPU
		{B9EC8E60-A8A7-4A03-A77B-7A8C90DAB5E9}.Release|x64.Build.0 = Release|Any CPU
		{B9EC8E60-A8A7-4A03-A77B-7A8C90DAB5E9}.Release|x86.ActiveCfg = Release|Any CPU
		{B9EC8E60-A8A7-4A03-A77B-7A8C90DAB5E9}.Release|x86.Build.0 = Release|Any CPU
		{475B9002-942C-43C1-B587-970B5A7067BC}.Debug|Any CPU.ActiveCfg = Debug|Any CPU
		{475B9002-942C-43C1-B587-970B5A7067BC}.Debug|Any CPU.Build.0 = Debug|Any CPU
		{475B9002-942C-43C1-B587-970B5A7067BC}.Debug|x64.ActiveCfg = Debug|Any CPU
		{475B9002-942C-43C1-B587-970B5A7067BC}.Debug|x64.Build.0 = Debug|Any CPU
		{475B9002-942C-43C1-B587-970B5A7067BC}.Debug|x86.ActiveCfg = Debug|Any CPU
		{475B9002-942C-43C1-B587-970B5A7067BC}.Debug|x86.Build.0 = Debug|Any CPU
		{475B9002-942C-43C1-B587-970B5A7067BC}.Release|Any CPU.ActiveCfg = Release|Any CPU
		{475B9002-942C-43C1-B587-970B5A7067BC}.Release|Any CPU.Build.0 = Release|Any CPU
		{475B9002-942C-43C1-B587-970B5A7067BC}.Release|x64.ActiveCfg = Release|Any CPU
		{475B9002-942C-43C1-B587-970B5A7067BC}.Release|x64.Build.0 = Release|Any CPU
		{475B9002-942C-43C1-B587-970B5A7067BC}.Release|x86.ActiveCfg = Release|Any CPU
		{475B9002-942C-43C1-B587-970B5A7067BC}.Release|x86.Build.0 = Release|Any CPU
		{D8EC0D87-D026-4235-A317-C4A15C2B80B1}.Debug|Any CPU.ActiveCfg = Debug|Any CPU
		{D8EC0D87-D026-4235-A317-C4A15C2B80B1}.Debug|Any CPU.Build.0 = Debug|Any CPU
		{D8EC0D87-D026-4235-A317-C4A15C2B80B1}.Debug|x64.ActiveCfg = Debug|Any CPU
		{D8EC0D87-D026-4235-A317-C4A15C2B80B1}.Debug|x64.Build.0 = Debug|Any CPU
		{D8EC0D87-D026-4235-A317-C4A15C2B80B1}.Debug|x86.ActiveCfg = Debug|Any CPU
		{D8EC0D87-D026-4235-A317-C4A15C2B80B1}.Debug|x86.Build.0 = Debug|Any CPU
		{D8EC0D87-D026-4235-A317-C4A15C2B80B1}.Release|Any CPU.ActiveCfg = Release|Any CPU
		{D8EC0D87-D026-4235-A317-C4A15C2B80B1}.Release|Any CPU.Build.0 = Release|Any CPU
		{D8EC0D87-D026-4235-A317-C4A15C2B80B1}.Release|x64.ActiveCfg = Release|Any CPU
		{D8EC0D87-D026-4235-A317-C4A15C2B80B1}.Release|x64.Build.0 = Release|Any CPU
		{D8EC0D87-D026-4235-A317-C4A15C2B80B1}.Release|x86.ActiveCfg = Release|Any CPU
		{D8EC0D87-D026-4235-A317-C4A15C2B80B1}.Release|x86.Build.0 = Release|Any CPU
		{422EED66-9E32-48F4-9381-FCEA6BC7B107}.Debug|Any CPU.ActiveCfg = Debug|Any CPU
		{422EED66-9E32-48F4-9381-FCEA6BC7B107}.Debug|Any CPU.Build.0 = Debug|Any CPU
		{422EED66-9E32-48F4-9381-FCEA6BC7B107}.Debug|x64.ActiveCfg = Debug|Any CPU
		{422EED66-9E32-48F4-9381-FCEA6BC7B107}.Debug|x64.Build.0 = Debug|Any CPU
		{422EED66-9E32-48F4-9381-FCEA6BC7B107}.Debug|x86.ActiveCfg = Debug|Any CPU
		{422EED66-9E32-48F4-9381-FCEA6BC7B107}.Debug|x86.Build.0 = Debug|Any CPU
		{422EED66-9E32-48F4-9381-FCEA6BC7B107}.Release|Any CPU.ActiveCfg = Release|Any CPU
		{422EED66-9E32-48F4-9381-FCEA6BC7B107}.Release|Any CPU.Build.0 = Release|Any CPU
		{422EED66-9E32-48F4-9381-FCEA6BC7B107}.Release|x64.ActiveCfg = Release|Any CPU
		{422EED66-9E32-48F4-9381-FCEA6BC7B107}.Release|x64.Build.0 = Release|Any CPU
		{422EED66-9E32-48F4-9381-FCEA6BC7B107}.Release|x86.ActiveCfg = Release|Any CPU
		{422EED66-9E32-48F4-9381-FCEA6BC7B107}.Release|x86.Build.0 = Release|Any CPU
		{80748B0E-B757-4953-8089-CA8827D20CE9}.Debug|Any CPU.ActiveCfg = Debug|Any CPU
		{80748B0E-B757-4953-8089-CA8827D20CE9}.Debug|Any CPU.Build.0 = Debug|Any CPU
		{80748B0E-B757-4953-8089-CA8827D20CE9}.Debug|x64.ActiveCfg = Debug|Any CPU
		{80748B0E-B757-4953-8089-CA8827D20CE9}.Debug|x64.Build.0 = Debug|Any CPU
		{80748B0E-B757-4953-8089-CA8827D20CE9}.Debug|x86.ActiveCfg = Debug|Any CPU
		{80748B0E-B757-4953-8089-CA8827D20CE9}.Debug|x86.Build.0 = Debug|Any CPU
		{80748B0E-B757-4953-8089-CA8827D20CE9}.Release|Any CPU.ActiveCfg = Release|Any CPU
		{80748B0E-B757-4953-8089-CA8827D20CE9}.Release|Any CPU.Build.0 = Release|Any CPU
		{80748B0E-B757-4953-8089-CA8827D20CE9}.Release|x64.ActiveCfg = Release|Any CPU
		{80748B0E-B757-4953-8089-CA8827D20CE9}.Release|x64.Build.0 = Release|Any CPU
		{80748B0E-B757-4953-8089-CA8827D20CE9}.Release|x86.ActiveCfg = Release|Any CPU
		{80748B0E-B757-4953-8089-CA8827D20CE9}.Release|x86.Build.0 = Release|Any CPU
	EndGlobalSection
	GlobalSection(NestedProjects) = preSolution
		{9DAF194D-D6C4-4F1C-AACF-7B13A4FF3B24} = {05B06F86-F7CB-475B-8FC6-230E90BF1F08}
		{F65B750F-5DDA-47CD-9874-4475B080807F} = {05B06F86-F7CB-475B-8FC6-230E90BF1F08}
		{2C8AC59A-04AC-4ABE-9DB7-5BC556AF42E3} = {05B06F86-F7CB-475B-8FC6-230E90BF1F08}
		{872AC3BF-8FEE-46E5-87BA-C795F967D868} = {05B06F86-F7CB-475B-8FC6-230E90BF1F08}
		{B9EC8E60-A8A7-4A03-A77B-7A8C90DAB5E9} = {05B06F86-F7CB-475B-8FC6-230E90BF1F08}
		{475B9002-942C-43C1-B587-970B5A7067BC} = {05B06F86-F7CB-475B-8FC6-230E90BF1F08}
		{D8EC0D87-D026-4235-A317-C4A15C2B80B1} = {05B06F86-F7CB-475B-8FC6-230E90BF1F08}
		{422EED66-9E32-48F4-9381-FCEA6BC7B107} = {05B06F86-F7CB-475B-8FC6-230E90BF1F08}
		{80748B0E-B757-4953-8089-CA8827D20CE9} = {05B06F86-F7CB-475B-8FC6-230E90BF1F08}
	EndGlobalSection
EndGlobal
